
Microsoft Visual Studio Solution File, Format Version 12.00
# Visual Studio Version 16
VisualStudioVersion = 16.0.30104.148
MinimumVisualStudioVersion = 10.0.40219.1
Project("{8BC9CEB8-8B4A-11D0-8D11-00A0C91BC942}") = "ExtIO_sddc", "ExtIO_sddc\ExtIO_sddc.vcxproj", "{8238A243-36F4-4281-8D56-F2E38D9A4714}"
EndProject
Global
	GlobalSection(SolutionConfigurationPlatforms) = preSolution
		Debug|x64 = Debug|x64
		Debug|x86 = Debug|x86
		Release|x64 = Release|x64
		Release|x86 = Release|x86
		Trace|x64 = Trace|x64
		Trace|x86 = Trace|x86
	EndGlobalSection
	GlobalSection(ProjectConfigurationPlatforms) = postSolution
		{8238A243-36F4-4281-8D56-F2E38D9A4714}.Debug|x64.ActiveCfg = Debug|Win32
		{8238A243-36F4-4281-8D56-F2E38D9A4714}.Debug|x64.Build.0 = Debug|Win32
		{8238A243-36F4-4281-8D56-F2E38D9A4714}.Debug|x86.ActiveCfg = Debug|Win32
		{8238A243-36F4-4281-8D56-F2E38D9A4714}.Debug|x86.Build.0 = Debug|Win32
		{8238A243-36F4-4281-8D56-F2E38D9A4714}.Release|x64.ActiveCfg = Release|x64
		{8238A243-36F4-4281-8D56-F2E38D9A4714}.Release|x64.Build.0 = Release|x64
		{8238A243-36F4-4281-8D56-F2E38D9A4714}.Release|x86.ActiveCfg = Release|Win32
		{8238A243-36F4-4281-8D56-F2E38D9A4714}.Release|x86.Build.0 = Release|Win32
		{8238A243-36F4-4281-8D56-F2E38D9A4714}.Trace|x64.ActiveCfg = Trace|x64
		{8238A243-36F4-4281-8D56-F2E38D9A4714}.Trace|x64.Build.0 = Trace|x64
		{8238A243-36F4-4281-8D56-F2E38D9A4714}.Trace|x86.ActiveCfg = Trace|Win32
		{8238A243-36F4-4281-8D56-F2E38D9A4714}.Trace|x86.Build.0 = Trace|Win32
	EndGlobalSection
	GlobalSection(SolutionProperties) = preSolution
		HideSolutionNode = FALSE
	EndGlobalSection
	GlobalSection(ExtensibilityGlobals) = postSolution
		SolutionGuid = {3B091020-D40F-4BAD-BC5A-A44016D8EB6F}
	EndGlobalSection
EndGlobal
